
Microsoft Visual Studio Solution File, Format Version 12.00
# Visual Studio 15
VisualStudioVersion = 15.0.28307.1831
MinimumVisualStudioVersion = 10.0.40219.1
Project("{FAE04EC0-301F-11D3-BF4B-00C04F79EFBC}") = "DormMealPlanCalculator", "DormMealPlanCalculator\DormMealPlanCalculator.csproj", "{FEDF7317-0FDA-4C62-8801-94E6F7B1F442}"
EndProject
Global
	GlobalSection(SolutionConfigurationPlatforms) = preSolution
		Debug|Any CPU = Debug|Any CPU
		Release|Any CPU = Release|Any CPU
	EndGlobalSection
	GlobalSection(ProjectConfigurationPlatforms) = postSolution
		{FEDF7317-0FDA-4C62-8801-94E6F7B1F442}.Debug|Any CPU.ActiveCfg = Debug|Any CPU
		{FEDF7317-0FDA-4C62-8801-94E6F7B1F442}.Debug|Any CPU.Build.0 = Debug|Any CPU
		{FEDF7317-0FDA-4C62-8801-94E6F7B1F442}.Release|Any CPU.ActiveCfg = Release|Any CPU
		{FEDF7317-0FDA-4C62-8801-94E6F7B1F442}.Release|Any CPU.Build.0 = Release|Any CPU
	EndGlobalSection
	GlobalSection(SolutionProperties) = preSolution
		HideSolutionNode = FALSE
	EndGlobalSection
	GlobalSection(ExtensibilityGlobals) = postSolution
		SolutionGuid = {BEAB45FC-0429-4DBF-9FA2-5F1B36F05696}
	EndGlobalSection
EndGlobal
